// !$*UTF8*$!
{
	archiveVersion = 1;
	classes = {
	};
	objectVersion = 55;
	objects = {

/* Begin PBXBuildFile section */
		79916DC9285FDB2A00F6AA2E /* LockAppTestApp.swift in Sources */ = {isa = PBXBuildFile; fileRef = 79916DC8285FDB2A00F6AA2E /* LockAppTestApp.swift */; };
		79916DCD285FDB2B00F6AA2E /* Assets.xcassets in Resources */ = {isa = PBXBuildFile; fileRef = 79916DCC285FDB2B00F6AA2E /* Assets.xcassets */; };
		79916DD0285FDB2B00F6AA2E /* Preview Assets.xcassets in Resources */ = {isa = PBXBuildFile; fileRef = 79916DCF285FDB2B00F6AA2E /* Preview Assets.xcassets */; };
		79916DDE285FDFD900F6AA2E /* ContentView.swift in Sources */ = {isa = PBXBuildFile; fileRef = 79916DDD285FDFD900F6AA2E /* ContentView.swift */; };
		79916DE0285FE20F00F6AA2E /* DetailView.swift in Sources */ = {isa = PBXBuildFile; fileRef = 79916DDF285FE20F00F6AA2E /* DetailView.swift */; };
		79B86DBC28E3B6780037B5B6 /* LockApp in Frameworks */ = {isa = PBXBuildFile; productRef = 79B86DBB28E3B6780037B5B6 /* LockApp */; };
/* End PBXBuildFile section */

/* Begin PBXFileReference section */
		79916DC5285FDB2A00F6AA2E /* LockAppTest.app */ = {isa = PBXFileReference; explicitFileType = wrapper.application; includeInIndex = 0; path = LockAppTest.app; sourceTree = BUILT_PRODUCTS_DIR; };
		79916DC8285FDB2A00F6AA2E /* LockAppTestApp.swift */ = {isa = PBXFileReference; lastKnownFileType = sourcecode.swift; path = LockAppTestApp.swift; sourceTree = "<group>"; };
		79916DCC285FDB2B00F6AA2E /* Assets.xcassets */ = {isa = PBXFileReference; lastKnownFileType = folder.assetcatalog; path = Assets.xcassets; sourceTree = "<group>"; };
		79916DCF285FDB2B00F6AA2E /* Preview Assets.xcassets */ = {isa = PBXFileReference; lastKnownFileType = folder.assetcatalog; path = "Preview Assets.xcassets"; sourceTree = "<group>"; };
		79916DDD285FDFD900F6AA2E /* ContentView.swift */ = {isa = PBXFileReference; lastKnownFileType = sourcecode.swift; path = ContentView.swift; sourceTree = "<group>"; };
		79916DDF285FE20F00F6AA2E /* DetailView.swift */ = {isa = PBXFileReference; lastKnownFileType = sourcecode.swift; path = DetailView.swift; sourceTree = "<group>"; };
		79916DEA286356FF00F6AA2E /* README.md */ = {isa = PBXFileReference; lastKnownFileType = net.daringfireball.markdown; path = README.md; sourceTree = "<group>"; };
		79B86DB928E3B6560037B5B6 /* LockApp */ = {isa = PBXFileReference; lastKnownFileType = wrapper; name = LockApp; path = ../..; sourceTree = "<group>"; };
/* End PBXFileReference section */

/* Begin PBXFrameworksBuildPhase section */
		79916DC2285FDB2A00F6AA2E /* Frameworks */ = {
			isa = PBXFrameworksBuildPhase;
			buildActionMask = 2147483647;
			files = (
				79B86DBC28E3B6780037B5B6 /* LockApp in Frameworks */,
			);
			runOnlyForDeploymentPostprocessing = 0;
		};
/* End PBXFrameworksBuildPhase section */

/* Begin PBXGroup section */
		79916DBC285FDB2900F6AA2E = {
			isa = PBXGroup;
			children = (
				79B86DB828E3B6560037B5B6 /* Packages */,
				79916DEA286356FF00F6AA2E /* README.md */,
				79916DC7285FDB2A00F6AA2E /* LockAppTest */,
				79916DC6285FDB2A00F6AA2E /* Products */,
				79B86DBA28E3B6780037B5B6 /* Frameworks */,
			);
			sourceTree = "<group>";
		};
		79916DC6285FDB2A00F6AA2E /* Products */ = {
			isa = PBXGroup;
			children = (
				79916DC5285FDB2A00F6AA2E /* LockAppTest.app */,
			);
			name = Products;
			sourceTree = "<group>";
		};
		79916DC7285FDB2A00F6AA2E /* LockAppTest */ = {
			isa = PBXGroup;
			children = (
				79916DC8285FDB2A00F6AA2E /* LockAppTestApp.swift */,
				79916DDD285FDFD900F6AA2E /* ContentView.swift */,
				79916DDF285FE20F00F6AA2E /* DetailView.swift */,
				79916DCC285FDB2B00F6AA2E /* Assets.xcassets */,
				79916DCE285FDB2B00F6AA2E /* Preview Content */,
			);
			path = LockAppTest;
			sourceTree = "<group>";
		};
		79916DCE285FDB2B00F6AA2E /* Preview Content */ = {
			isa = PBXGroup;
			children = (
				79916DCF285FDB2B00F6AA2E /* Preview Assets.xcassets */,
			);
			path = "Preview Content";
			sourceTree = "<group>";
		};
		79B86DB828E3B6560037B5B6 /* Packages */ = {
			isa = PBXGroup;
			children = (
				79B86DB928E3B6560037B5B6 /* LockApp */,
			);
			name = Packages;
			sourceTree = "<group>";
		};
		79B86DBA28E3B6780037B5B6 /* Frameworks */ = {
			isa = PBXGroup;
			children = (
			);
			name = Frameworks;
			sourceTree = "<group>";
		};
/* End PBXGroup section */

/* Begin PBXNativeTarget section */
		79916DC4285FDB2A00F6AA2E /* LockAppTest */ = {
			isa = PBXNativeTarget;
			buildConfigurationList = 79916DD3285FDB2B00F6AA2E /* Build configuration list for PBXNativeTarget "LockAppTest" */;
			buildPhases = (
				79916DC1285FDB2A00F6AA2E /* Sources */,
				79916DC2285FDB2A00F6AA2E /* Frameworks */,
				79916DC3285FDB2A00F6AA2E /* Resources */,
			);
			buildRules = (
			);
			dependencies = (
			);
			name = LockAppTest;
			packageProductDependencies = (
				79B86DBB28E3B6780037B5B6 /* LockApp */,
			);
			productName = LockAppTest;
			productReference = 79916DC5285FDB2A00F6AA2E /* LockAppTest.app */;
			productType = "com.apple.product-type.application";
		};
/* End PBXNativeTarget section */

/* Begin PBXProject section */
		79916DBD285FDB2900F6AA2E /* Project object */ = {
			isa = PBXProject;
			attributes = {
				BuildIndependentTargetsInParallel = 1;
				LastSwiftUpdateCheck = 1340;
				LastUpgradeCheck = 1340;
				TargetAttributes = {
					79916DC4285FDB2A00F6AA2E = {
						CreatedOnToolsVersion = 13.4.1;
					};
				};
			};
			buildConfigurationList = 79916DC0285FDB2900F6AA2E /* Build configuration list for PBXProject "LockAppTest" */;
			compatibilityVersion = "Xcode 13.0";
			developmentRegion = en;
			hasScannedForEncodings = 0;
			knownRegions = (
				en,
				Base,
			);
			mainGroup = 79916DBC285FDB2900F6AA2E;
			packageReferences = (
			);
			productRefGroup = 79916DC6285FDB2A00F6AA2E /* Products */;
			projectDirPath = "";
			projectRoot = "";
			targets = (
				79916DC4285FDB2A00F6AA2E /* LockAppTest */,
			);
		};
/* End PBXProject section */

/* Begin PBXResourcesBuildPhase section */
		79916DC3285FDB2A00F6AA2E /* Resources */ = {
			isa = PBXResourcesBuildPhase;
			buildActionMask = 2147483647;
			files = (
				79916DD0285FDB2B00F6AA2E /* Preview Assets.xcassets in Resources */,
				79916DCD285FDB2B00F6AA2E /* Assets.xcassets in Resources */,
			);
			runOnlyForDeploymentPostprocessing = 0;
		};
/* End PBXResourcesBuildPhase section */

/* Begin PBXSourcesBuildPhase section */
		79916DC1285FDB2A00F6AA2E /* Sources */ = {
			isa = PBXSourcesBuildPhase;
			buildActionMask = 2147483647;
			files = (
				79916DC9285FDB2A00F6AA2E /* LockAppTestApp.swift in Sources */,
				79916DE0285FE20F00F6AA2E /* DetailView.swift in Sources */,
				79916DDE285FDFD900F6AA2E /* ContentView.swift in Sources */,
			);
			runOnlyForDeploymentPostprocessing = 0;
		};
/* End PBXSourcesBuildPhase section */

/* Begin XCBuildConfiguration section */
		79916DD1285FDB2B00F6AA2E /* Debug */ = {
			isa = XCBuildConfiguration;
			buildSettings = {
				ALWAYS_SEARCH_USER_PATHS = NO;
				CLANG_ANALYZER_NONNULL = YES;
				CLANG_ANALYZER_NUMBER_OBJECT_CONVERSION = YES_AGGRESSIVE;
				CLANG_CXX_LANGUAGE_STANDARD = "gnu++17";
				CLANG_ENABLE_MODULES = YES;
				CLANG_ENABLE_OBJC_ARC = YES;
				CLANG_ENABLE_OBJC_WEAK = YES;
				CLANG_WARN_BLOCK_CAPTURE_AUTORELEASING = YES;
				CLANG_WARN_BOOL_CONVERSION = YES;
				CLANG_WARN_COMMA = YES;
				CLANG_WARN_CONSTANT_CONVERSION = YES;
				CLANG_WARN_DEPRECATED_OBJC_IMPLEMENTATIONS = YES;
				CLANG_WARN_DIRECT_OBJC_ISA_USAGE = YES_ERROR;
				CLANG_WARN_DOCUMENTATION_COMMENTS = YES;
				CLANG_WARN_EMPTY_BODY = YES;
				CLANG_WARN_ENUM_CONVERSION = YES;
				CLANG_WARN_INFINITE_RECURSION = YES;
				CLANG_WARN_INT_CONVERSION = YES;
				CLANG_WARN_NON_LITERAL_NULL_CONVERSION = YES;
				CLANG_WARN_OBJC_IMPLICIT_RETAIN_SELF = YES;
				CLANG_WARN_OBJC_LITERAL_CONVERSION = YES;
				CLANG_WARN_OBJC_ROOT_CLASS = YES_ERROR;
				CLANG_WARN_QUOTED_INCLUDE_IN_FRAMEWORK_HEADER = YES;
				CLANG_WARN_RANGE_LOOP_ANALYSIS = YES;
				CLANG_WARN_STRICT_PROTOTYPES = YES;
				CLANG_WARN_SUSPICIOUS_MOVE = YES;
				CLANG_WARN_UNGUARDED_AVAILABILITY = YES_AGGRESSIVE;
				CLANG_WARN_UNREACHABLE_CODE = YES;
				CLANG_WARN__DUPLICATE_METHOD_MATCH = YES;
				COPY_PHASE_STRIP = NO;
				DEBUG_INFORMATION_FORMAT = dwarf;
				ENABLE_STRICT_OBJC_MSGSEND = YES;
				ENABLE_TESTABILITY = YES;
				GCC_C_LANGUAGE_STANDARD = gnu11;
				GCC_DYNAMIC_NO_PIC = NO;
				GCC_NO_COMMON_BLOCKS = YES;
				GCC_OPTIMIZATION_LEVEL = 0;
				GCC_PREPROCESSOR_DEFINITIONS = (
					"DEBUG=1",
					"$(inherited)",
				);
				GCC_WARN_64_TO_32_BIT_CONVERSION = YES;
				GCC_WARN_ABOUT_RETURN_TYPE = YES_ERROR;
				GCC_WARN_UNDECLARED_SELECTOR = YES;
				GCC_WARN_UNINITIALIZED_AUTOS = YES_AGGRESSIVE;
				GCC_WARN_UNUSED_FUNCTION = YES;
				GCC_WARN_UNUSED_VARIABLE = YES;
				IPHONEOS_DEPLOYMENT_TARGET = 15.5;
				MTL_ENABLE_DEBUG_INFO = INCLUDE_SOURCE;
				MTL_FAST_MATH = YES;
				ONLY_ACTIVE_ARCH = YES;
				SDKROOT = iphoneos;
				SWIFT_ACTIVE_COMPILATION_CONDITIONS = DEBUG;
				SWIFT_OPTIMIZATION_LEVEL = "-Onone";
			};
			name = Debug;
		};
		79916DD2285FDB2B00F6AA2E /* Release */ = {
			isa = XCBuildConfiguration;
			buildSettings = {
				ALWAYS_SEARCH_USER_PATHS = NO;
				CLANG_ANALYZER_NONNULL = YES;
				CLANG_ANALYZER_NUMBER_OBJECT_CONVERSION = YES_AGGRESSIVE;
				CLANG_CXX_LANGUAGE_STANDARD = "gnu++17";
				CLANG_ENABLE_MODULES = YES;
				CLANG_ENABLE_OBJC_ARC = YES;
				CLANG_ENABLE_OBJC_WEAK = YES;
				CLANG_WARN_BLOCK_CAPTURE_AUTORELEASING = YES;
				CLANG_WARN_BOOL_CONVERSION = YES;
				CLANG_WARN_COMMA = YES;
				CLANG_WARN_CONSTANT_CONVERSION = YES;
				CLANG_WARN_DEPRECATED_OBJC_IMPLEMENTATIONS = YES;
				CLANG_WARN_DIRECT_OBJC_ISA_USAGE = YES_ERROR;
				CLANG_WARN_DOCUMENTATION_COMMENTS = YES;
				CLANG_WARN_EMPTY_BODY = YES;
				CLANG_WARN_ENUM_CONVERSION = YES;
				CLANG_WARN_INFINITE_RECURSION = YES;
				CLANG_WARN_INT_CONVERSION = YES;
				CLANG_WARN_NON_LITERAL_NULL_CONVERSION = YES;
				CLANG_WARN_OBJC_IMPLICIT_RETAIN_SELF = YES;
				CLANG_WARN_OBJC_LITERAL_CONVERSION = YES;
				CLANG_WARN_OBJC_ROOT_CLASS = YES_ERROR;
				CLANG_WARN_QUOTED_INCLUDE_IN_FRAMEWORK_HEADER = YES;
				CLANG_WARN_RANGE_LOOP_ANALYSIS = YES;
				CLANG_WARN_STRICT_PROTOTYPES = YES;
				CLANG_WARN_SUSPICIOUS_MOVE = YES;
				CLANG_WARN_UNGUARDED_AVAILABILITY = YES_AGGRESSIVE;
				CLANG_WARN_UNREACHABLE_CODE = YES;
				CLANG_WARN__DUPLICATE_METHOD_MATCH = YES;
				COPY_PHASE_STRIP = NO;
				DEBUG_INFORMATION_FORMAT = "dwarf-with-dsym";
				ENABLE_NS_ASSERTIONS = NO;
				ENABLE_STRICT_OBJC_MSGSEND = YES;
				GCC_C_LANGUAGE_STANDARD = gnu11;
				GCC_NO_COMMON_BLOCKS = YES;
				GCC_WARN_64_TO_32_BIT_CONVERSION = YES;
				GCC_WARN_ABOUT_RETURN_TYPE = YES_ERROR;
				GCC_WARN_UNDECLARED_SELECTOR = YES;
				GCC_WARN_UNINITIALIZED_AUTOS = YES_AGGRESSIVE;
				GCC_WARN_UNUSED_FUNCTION = YES;
				GCC_WARN_UNUSED_VARIABLE = YES;
				IPHONEOS_DEPLOYMENT_TARGET = 15.5;
				MTL_ENABLE_DEBUG_INFO = NO;
				MTL_FAST_MATH = YES;
				SDKROOT = iphoneos;
				SWIFT_COMPILATION_MODE = wholemodule;
				SWIFT_OPTIMIZATION_LEVEL = "-O";
				VALIDATE_PRODUCT = YES;
			};
			name = Release;
		};
		79916DD4285FDB2B00F6AA2E /* Debug */ = {
			isa = XCBuildConfiguration;
			buildSettings = {
				ASSETCATALOG_COMPILER_APPICON_NAME = AppIcon;
				ASSETCATALOG_COMPILER_GLOBAL_ACCENT_COLOR_NAME = AccentColor;
				CODE_SIGN_STYLE = Automatic;
				CURRENT_PROJECT_VERSION = 1;
				DEVELOPMENT_ASSET_PATHS = "\"LockAppTest/Preview Content\"";
				DEVELOPMENT_TEAM = XAULD32DT8;
				ENABLE_PREVIEWS = YES;
				GENERATE_INFOPLIST_FILE = YES;
				INFOPLIST_KEY_UIApplicationSceneManifest_Generation = YES;
				INFOPLIST_KEY_UIApplicationSupportsIndirectInputEvents = YES;
				INFOPLIST_KEY_UILaunchScreen_Generation = YES;
				INFOPLIST_KEY_UISupportedInterfaceOrientations_iPad = "UIInterfaceOrientationPortrait UIInterfaceOrientationPortraitUpsideDown UIInterfaceOrientationLandscapeLeft UIInterfaceOrientationLandscapeRight";
				INFOPLIST_KEY_UISupportedInterfaceOrientations_iPhone = "UIInterfaceOrientationPortrait UIInterfaceOrientationLandscapeLeft UIInterfaceOrientationLandscapeRight";
				LD_RUNPATH_SEARCH_PATHS = (
					"$(inherited)",
					"@executable_path/Frameworks",
				);
				MARKETING_VERSION = 1.0;
				PRODUCT_BUNDLE_IDENTIFIER = de.dallinger.LockAppTest;
				PRODUCT_NAME = "$(TARGET_NAME)";
				SWIFT_EMIT_LOC_STRINGS = YES;
				SWIFT_VERSION = 5.0;
				TARGETED_DEVICE_FAMILY = "1,2";
			};
			name = Debug;
		};
		79916DD5285FDB2B00F6AA2E /* Release */ = {
			isa = XCBuildConfiguration;
			buildSettings = {
				ASSETCATALOG_COMPILER_APPICON_NAME = AppIcon;
				ASSETCATALOG_COMPILER_GLOBAL_ACCENT_COLOR_NAME = AccentColor;
				CODE_SIGN_STYLE = Automatic;
				CURRENT_PROJECT_VERSION = 1;
				DEVELOPMENT_ASSET_PATHS = "\"LockAppTest/Preview Content\"";
				DEVELOPMENT_TEAM = XAULD32DT8;
				ENABLE_PREVIEWS = YES;
				GENERATE_INFOPLIST_FILE = YES;
				INFOPLIST_KEY_UIApplicationSceneManifest_Generation = YES;
				INFOPLIST_KEY_UIApplicationSupportsIndirectInputEvents = YES;
				INFOPLIST_KEY_UILaunchScreen_Generation = YES;
				INFOPLIST_KEY_UISupportedInterfaceOrientations_iPad = "UIInterfaceOrientationPortrait UIInterfaceOrientationPortraitUpsideDown UIInterfaceOrientationLandscapeLeft UIInterfaceOrientationLandscapeRight";
				INFOPLIST_KEY_UISupportedInterfaceOrientations_iPhone = "UIInterfaceOrientationPortrait UIInterfaceOrientationLandscapeLeft UIInterfaceOrientationLandscapeRight";
				LD_RUNPATH_SEARCH_PATHS = (
					"$(inherited)",
					"@executable_path/Frameworks",
				);
				MARKETING_VERSION = 1.0;
				PRODUCT_BUNDLE_IDENTIFIER = de.dallinger.LockAppTest;
				PRODUCT_NAME = "$(TARGET_NAME)";
				SWIFT_EMIT_LOC_STRINGS = YES;
				SWIFT_VERSION = 5.0;
				TARGETED_DEVICE_FAMILY = "1,2";
			};
			name = Release;
		};
/* End XCBuildConfiguration section */

/* Begin XCConfigurationList section */
		79916DC0285FDB2900F6AA2E /* Build configuration list for PBXProject "LockAppTest" */ = {
			isa = XCConfigurationList;
			buildConfigurations = (
				79916DD1285FDB2B00F6AA2E /* Debug */,
				79916DD2285FDB2B00F6AA2E /* Release */,
			);
			defaultConfigurationIsVisible = 0;
			defaultConfigurationName = Release;
		};
		79916DD3285FDB2B00F6AA2E /* Build configuration list for PBXNativeTarget "LockAppTest" */ = {
			isa = XCConfigurationList;
			buildConfigurations = (
				79916DD4285FDB2B00F6AA2E /* Debug */,
				79916DD5285FDB2B00F6AA2E /* Release */,
			);
			defaultConfigurationIsVisible = 0;
			defaultConfigurationName = Release;
		};
/* End XCConfigurationList section */

/* Begin XCSwiftPackageProductDependency section */
		79B86DBB28E3B6780037B5B6 /* LockApp */ = {
			isa = XCSwiftPackageProductDependency;
			productName = LockApp;
		};
/* End XCSwiftPackageProductDependency section */
	};
	rootObject = 79916DBD285FDB2900F6AA2E /* Project object */;
}
